<?xml version="1.0" encoding="utf-8"?>
<Project ToolsVersion="4.0" xmlns="http://schemas.microsoft.com/developer/msbuild/2003">
  <ItemGroup>
    <Filter Include="base">
      <UniqueIdentifier>{e04b60d4-5351-4018-b39e-fb3ca3f3e69c}</UniqueIdentifier>
    </Filter>
  </ItemGroup>
  <ItemGroup>
    <ClCompile Include="..\..\..\src\crnet\base\address_family.cc">
      <Filter>base</Filter>
    </ClCompile>
    <ClCompile Include="..\..\..\src\crnet\base\ip_address.cc">
      <Filter>base</Filter>
    </ClCompile>
    <ClCompile Include="..\..\..\src\crnet\base\ip_address_number.cc">
      <Filter>base</Filter>
    </ClCompile>
    <ClCompile Include="..\..\..\src\crnet\base\ip_endpoint.cc">
      <Filter>base</Filter>
    </ClCompile>
    <ClCompile Include="..\..\..\src\crnet\base\ip_pattern.cc">
      <Filter>base</Filter>
    </ClCompile>
  </ItemGroup>
  <ItemGroup>
    <ClInclude Include="..\..\..\src\crnet\base\address_family.h">
      <Filter>base</Filter>
    </ClInclude>
    <ClInclude Include="..\..\..\src\crnet\base\ip_address.h">
      <Filter>base</Filter>
    </ClInclude>
    <ClInclude Include="..\..\..\src\crnet\base\ip_address_number.h">
      <Filter>base</Filter>
    </ClInclude>
    <ClInclude Include="..\..\..\src\crnet\base\ip_endpoint.h">
      <Filter>base</Filter>
    </ClInclude>
    <ClInclude Include="..\..\..\src\crnet\base\ip_pattern.h">
      <Filter>base</Filter>
    </ClInclude>
    <ClInclude Include="..\..\..\src\crnet\base\net_export.h">
      <Filter>base</Filter>
    </ClInclude>
    <ClInclude Include="..\..\..\src\crnet\base\sys_addrinfo.h">
      <Filter>base</Filter>
    </ClInclude>
    <ClInclude Include="..\..\..\src\crnet\base\sys_byteorder.h">
      <Filter>base</Filter>
    </ClInclude>
    <ClInclude Include="..\..\..\src\crnet\base\winsock_util.h">
      <Filter>base</Filter>
    </ClInclude>
  </ItemGroup>
</Project>