<?xml version="1.0" encoding="utf-8"?>
<Project ToolsVersion="4.0" xmlns="http://schemas.microsoft.com/developer/msbuild/2003">
  <ItemGroup>
    <Filter Include="atomic">
      <UniqueIdentifier>{fa8d1092-51b4-4ccb-ad2c-f7923c5ea519}</UniqueIdentifier>
    </Filter>
    <Filter Include="codes">
      <UniqueIdentifier>{bbcb5f9c-b6c3-4463-aed7-fce4cf3bc5a1}</UniqueIdentifier>
    </Filter>
    <Filter Include="crypto">
      <UniqueIdentifier>{18039319-4622-46bf-9b0f-0c505d98e336}</UniqueIdentifier>
    </Filter>
    <Filter Include="debug">
      <UniqueIdentifier>{02cea0cf-997e-40ed-8970-b3293d59e307}</UniqueIdentifier>
    </Filter>
    <Filter Include="files">
      <UniqueIdentifier>{c35fea01-f3b9-4fe8-8765-e24b7d66d63a}</UniqueIdentifier>
    </Filter>
    <Filter Include="functional">
      <UniqueIdentifier>{1cd3d220-06f3-443c-95fb-9800ee6e6b7b}</UniqueIdentifier>
    </Filter>
    <Filter Include="json">
      <UniqueIdentifier>{537d7f82-81a8-4c05-9add-209580dadff3}</UniqueIdentifier>
    </Filter>
    <Filter Include="memory">
      <UniqueIdentifier>{32fac389-e83a-4f1a-a1fe-7214bfbcf9ba}</UniqueIdentifier>
    </Filter>
    <Filter Include="message_loop">
      <UniqueIdentifier>{f0ef6c09-588e-41d4-a92c-657eb6c8244b}</UniqueIdentifier>
    </Filter>
    <Filter Include="numerics">
      <UniqueIdentifier>{e7e7ac82-8063-4e3c-b061-25c9c7294551}</UniqueIdentifier>
    </Filter>
    <Filter Include="process">
      <UniqueIdentifier>{a477ec86-cc19-4114-8fc9-69f09e0a2518}</UniqueIdentifier>
    </Filter>
    <Filter Include="strings">
      <UniqueIdentifier>{a8f82079-0d10-4444-9cfe-45169dc50353}</UniqueIdentifier>
    </Filter>
    <Filter Include="synchronization">
      <UniqueIdentifier>{b44fbc46-4041-4454-ba64-ffeb4a3529b1}</UniqueIdentifier>
    </Filter>
    <Filter Include="system_info">
      <UniqueIdentifier>{6f158d5e-0865-4e3e-a125-d99511b3799a}</UniqueIdentifier>
    </Filter>
    <Filter Include="third_party">
      <UniqueIdentifier>{1bdf978e-7060-44a3-bd83-a8e1036421b7}</UniqueIdentifier>
    </Filter>
    <Filter Include="threading">
      <UniqueIdentifier>{da223b77-c595-403f-8677-7003fe2c44de}</UniqueIdentifier>
    </Filter>
    <Filter Include="time">
      <UniqueIdentifier>{9f1579a0-750f-4040-a0cf-d4752d512fb0}</UniqueIdentifier>
    </Filter>
    <Filter Include="tracing">
      <UniqueIdentifier>{267c3493-b895-4405-a157-def80ce8836d}</UniqueIdentifier>
    </Filter>
    <Filter Include="win">
      <UniqueIdentifier>{ff23d204-8392-40b5-8f61-f3d2a78451f2}</UniqueIdentifier>
    </Filter>
    <Filter Include="third_party\double-conversion">
      <UniqueIdentifier>{d2a2473a-12d3-4416-9d42-9496fb5275f5}</UniqueIdentifier>
    </Filter>
    <Filter Include="third_party\icu">
      <UniqueIdentifier>{94e4f34a-1504-48f4-8672-4b01943af569}</UniqueIdentifier>
    </Filter>
    <Filter Include="third_party\modp_b64">
      <UniqueIdentifier>{901e76fe-6db8-4087-8323-8e3f971a0fb2}</UniqueIdentifier>
    </Filter>
    <Filter Include="third_party\nspr">
      <UniqueIdentifier>{2a420aae-cfc5-4eff-a598-d5f4181b8e8c}</UniqueIdentifier>
    </Filter>
    <Filter Include="timer">
      <UniqueIdentifier>{b721be01-e6a7-4c2f-8230-eb058a3365c2}</UniqueIdentifier>
    </Filter>
    <Filter Include="third_party\superfasthash">
      <UniqueIdentifier>{ae947c0c-2e40-4340-81f4-5153277c9f5e}</UniqueIdentifier>
    </Filter>
    <Filter Include="posix">
      <UniqueIdentifier>{102d3cdb-1472-4bb6-b00e-e69c33b3522d}</UniqueIdentifier>
    </Filter>
  </ItemGroup>
  <ItemGroup>
    <ClInclude Include="..\..\..\src\crbase\atomic\atomic_ref_count.h">
      <Filter>atomic</Filter>
    </ClInclude>
    <ClInclude Include="..\..\..\src\crbase\atomic\atomic_sequence_num.h">
      <Filter>atomic</Filter>
    </ClInclude>
    <ClInclude Include="..\..\..\src\crbase\atomic\atomicops.h">
      <Filter>atomic</Filter>
    </ClInclude>
    <ClInclude Include="..\..\..\src\crbase\codes\base64.h">
      <Filter>codes</Filter>
    </ClInclude>
    <ClInclude Include="..\..\..\src\crbase\crypto\sha1.h">
      <Filter>crypto</Filter>
    </ClInclude>
    <ClInclude Include="..\..\..\src\crbase\debug\alias.h">
      <Filter>debug</Filter>
    </ClInclude>
    <ClInclude Include="..\..\..\src\crbase\debug\debugger.h">
      <Filter>debug</Filter>
    </ClInclude>
    <ClInclude Include="..\..\..\src\crbase\debug\stack_trace.h">
      <Filter>debug</Filter>
    </ClInclude>
    <ClInclude Include="..\..\..\src\crbase\files\file.h">
      <Filter>files</Filter>
    </ClInclude>
    <ClInclude Include="..\..\..\src\crbase\files\file_enumerator.h">
      <Filter>files</Filter>
    </ClInclude>
    <ClInclude Include="..\..\..\src\crbase\files\file_path.h">
      <Filter>files</Filter>
    </ClInclude>
    <ClInclude Include="..\..\..\src\crbase\files\file_util.h">
      <Filter>files</Filter>
    </ClInclude>
    <ClInclude Include="..\..\..\src\crbase\files\scoped_file.h">
      <Filter>files</Filter>
    </ClInclude>
    <ClInclude Include="..\..\..\src\crbase\functional\bind.h">
      <Filter>functional</Filter>
    </ClInclude>
    <ClInclude Include="..\..\..\src\crbase\functional\bind_helpers.h">
      <Filter>functional</Filter>
    </ClInclude>
    <ClInclude Include="..\..\..\src\crbase\functional\bind_internal.h">
      <Filter>functional</Filter>
    </ClInclude>
    <ClInclude Include="..\..\..\src\crbase\functional\bind_internal_win.h">
      <Filter>functional</Filter>
    </ClInclude>
    <ClInclude Include="..\..\..\src\crbase\functional\callback.h">
      <Filter>functional</Filter>
    </ClInclude>
    <ClInclude Include="..\..\..\src\crbase\functional\callback_forward.h">
      <Filter>functional</Filter>
    </ClInclude>
    <ClInclude Include="..\..\..\src\crbase\functional\callback_helpers.h">
      <Filter>functional</Filter>
    </ClInclude>
    <ClInclude Include="..\..\..\src\crbase\functional\callback_internal.h">
      <Filter>functional</Filter>
    </ClInclude>
    <ClInclude Include="..\..\..\src\crbase\functional\critical_closure.h">
      <Filter>functional</Filter>
    </ClInclude>
    <ClInclude Include="..\..\..\src\crbase\json\json_parser.h">
      <Filter>json</Filter>
    </ClInclude>
    <ClInclude Include="..\..\..\src\crbase\json\json_reader.h">
      <Filter>json</Filter>
    </ClInclude>
    <ClInclude Include="..\..\..\src\crbase\json\json_string_value_serializer.h">
      <Filter>json</Filter>
    </ClInclude>
    <ClInclude Include="..\..\..\src\crbase\json\json_value_converter.h">
      <Filter>json</Filter>
    </ClInclude>
    <ClInclude Include="..\..\..\src\crbase\json\json_writer.h">
      <Filter>json</Filter>
    </ClInclude>
    <ClInclude Include="..\..\..\src\crbase\json\string_escape.h">
      <Filter>json</Filter>
    </ClInclude>
    <ClInclude Include="..\..\..\src\crbase\memory\aligned_memory.h">
      <Filter>memory</Filter>
    </ClInclude>
    <ClInclude Include="..\..\..\src\crbase\memory\linked_ptr.h">
      <Filter>memory</Filter>
    </ClInclude>
    <ClInclude Include="..\..\..\src\crbase\memory\ref_counted.h">
      <Filter>memory</Filter>
    </ClInclude>
    <ClInclude Include="..\..\..\src\crbase\memory\scoped_vector.h">
      <Filter>memory</Filter>
    </ClInclude>
    <ClInclude Include="..\..\..\src\crbase\memory\shared_memory.h">
      <Filter>memory</Filter>
    </ClInclude>
    <ClInclude Include="..\..\..\src\crbase\memory\shared_memory_handle.h">
      <Filter>memory</Filter>
    </ClInclude>
    <ClInclude Include="..\..\..\src\crbase\memory\singleton.h">
      <Filter>memory</Filter>
    </ClInclude>
    <ClInclude Include="..\..\..\src\crbase\memory\weak_ptr.h">
      <Filter>memory</Filter>
    </ClInclude>
    <ClInclude Include="..\..\..\src\crbase\message_loop\incoming_task_queue.h">
      <Filter>message_loop</Filter>
    </ClInclude>
    <ClInclude Include="..\..\..\src\crbase\message_loop\message_loop.h">
      <Filter>message_loop</Filter>
    </ClInclude>
    <ClInclude Include="..\..\..\src\crbase\message_loop\message_loop_task_runner.h">
      <Filter>message_loop</Filter>
    </ClInclude>
    <ClInclude Include="..\..\..\src\crbase\message_loop\message_pump.h">
      <Filter>message_loop</Filter>
    </ClInclude>
    <ClInclude Include="..\..\..\src\crbase\message_loop\message_pump_default.h">
      <Filter>message_loop</Filter>
    </ClInclude>
    <ClInclude Include="..\..\..\src\crbase\message_loop\message_pump_dispatcher.h">
      <Filter>message_loop</Filter>
    </ClInclude>
    <ClInclude Include="..\..\..\src\crbase\message_loop\message_pump_win.h">
      <Filter>message_loop</Filter>
    </ClInclude>
    <ClInclude Include="..\..\..\src\crbase\message_loop\timer_slack.h">
      <Filter>message_loop</Filter>
    </ClInclude>
    <ClInclude Include="..\..\..\src\crbase\time\clock.h">
      <Filter>time</Filter>
    </ClInclude>
    <ClInclude Include="..\..\..\src\crbase\time\default_clock.h">
      <Filter>time</Filter>
    </ClInclude>
    <ClInclude Include="..\..\..\src\crbase\time\default_tick_clock.h">
      <Filter>time</Filter>
    </ClInclude>
    <ClInclude Include="..\..\..\src\crbase\time\tick_clock.h">
      <Filter>time</Filter>
    </ClInclude>
    <ClInclude Include="..\..\..\src\crbase\time\time.h">
      <Filter>time</Filter>
    </ClInclude>
    <ClInclude Include="..\..\..\src\crbase\tracing\location.h">
      <Filter>tracing</Filter>
    </ClInclude>
    <ClInclude Include="..\..\..\src\crbase\tracing\tracked_objects.h">
      <Filter>tracing</Filter>
    </ClInclude>
    <ClInclude Include="..\..\..\src\crbase\tracing\tracked_time.h">
      <Filter>tracing</Filter>
    </ClInclude>
    <ClInclude Include="..\..\..\src\crbase\tracing\tracking_info.h">
      <Filter>tracing</Filter>
    </ClInclude>
    <ClInclude Include="..\..\..\src\crbase\win\native_api_wrapper.h">
      <Filter>win</Filter>
    </ClInclude>
    <ClInclude Include="..\..\..\src\crbase\win\native_internal.h">
      <Filter>win</Filter>
    </ClInclude>
    <ClInclude Include="..\..\..\src\crbase\win\object_watcher.h">
      <Filter>win</Filter>
    </ClInclude>
    <ClInclude Include="..\..\..\src\crbase\win\pe_image.h">
      <Filter>win</Filter>
    </ClInclude>
    <ClInclude Include="..\..\..\src\crbase\win\registry.h">
      <Filter>win</Filter>
    </ClInclude>
    <ClInclude Include="..\..\..\src\crbase\win\scoped_bstr.h">
      <Filter>win</Filter>
    </ClInclude>
    <ClInclude Include="..\..\..\src\crbase\win\scoped_co_mem.h">
      <Filter>win</Filter>
    </ClInclude>
    <ClInclude Include="..\..\..\src\crbase\win\scoped_com_initializer.h">
      <Filter>win</Filter>
    </ClInclude>
    <ClInclude Include="..\..\..\src\crbase\win\scoped_comptr.h">
      <Filter>win</Filter>
    </ClInclude>
    <ClInclude Include="..\..\..\src\crbase\win\scoped_handle.h">
      <Filter>win</Filter>
    </ClInclude>
    <ClInclude Include="..\..\..\src\crbase\win\scoped_process_information.h">
      <Filter>win</Filter>
    </ClInclude>
    <ClInclude Include="..\..\..\src\crbase\win\scoped_propvariant.h">
      <Filter>win</Filter>
    </ClInclude>
    <ClInclude Include="..\..\..\src\crbase\win\scoped_sc_handle.h">
      <Filter>win</Filter>
    </ClInclude>
    <ClInclude Include="..\..\..\src\crbase\win\scoped_variant.h">
      <Filter>win</Filter>
    </ClInclude>
    <ClInclude Include="..\..\..\src\crbase\win\shortcut.h">
      <Filter>win</Filter>
    </ClInclude>
    <ClInclude Include="..\..\..\src\crbase\win\startup_information.h">
      <Filter>win</Filter>
    </ClInclude>
    <ClInclude Include="..\..\..\src\crbase\win\win_util.h">
      <Filter>win</Filter>
    </ClInclude>
    <ClInclude Include="..\..\..\src\crbase\win\windows_service.h">
      <Filter>win</Filter>
    </ClInclude>
    <ClInclude Include="..\..\..\src\crbase\win\windows_version.h">
      <Filter>win</Filter>
    </ClInclude>
    <ClInclude Include="..\..\..\src\crbase\win\wmi.h">
      <Filter>win</Filter>
    </ClInclude>
    <ClInclude Include="..\..\..\src\crbase\win\wrapped_window_proc.h">
      <Filter>win</Filter>
    </ClInclude>
    <ClInclude Include="..\..\..\src\crbase\system_info\cpu.h">
      <Filter>system_info</Filter>
    </ClInclude>
    <ClInclude Include="..\..\..\src\crbase\threading\non_thread_safe.h">
      <Filter>threading</Filter>
    </ClInclude>
    <ClInclude Include="..\..\..\src\crbase\threading\pending_task.h">
      <Filter>threading</Filter>
    </ClInclude>
    <ClInclude Include="..\..\..\src\crbase\threading\platform_thread.h">
      <Filter>threading</Filter>
    </ClInclude>
    <ClInclude Include="..\..\..\src\crbase\threading\post_task_and_reply_impl.h">
      <Filter>threading</Filter>
    </ClInclude>
    <ClInclude Include="..\..\..\src\crbase\threading\sequenced_task_runner.h">
      <Filter>threading</Filter>
    </ClInclude>
    <ClInclude Include="..\..\..\src\crbase\threading\sequenced_task_runner_helpers.h">
      <Filter>threading</Filter>
    </ClInclude>
    <ClInclude Include="..\..\..\src\crbase\threading\sequenced_worker_pool.h">
      <Filter>threading</Filter>
    </ClInclude>
    <ClInclude Include="..\..\..\src\crbase\threading\simple_thread.h">
      <Filter>threading</Filter>
    </ClInclude>
    <ClInclude Include="..\..\..\src\crbase\threading\single_thread_task_runner.h">
      <Filter>threading</Filter>
    </ClInclude>
    <ClInclude Include="..\..\..\src\crbase\threading\task_runner.h">
      <Filter>threading</Filter>
    </ClInclude>
    <ClInclude Include="..\..\..\src\crbase\threading\task_runner_util.h">
      <Filter>threading</Filter>
    </ClInclude>
    <ClInclude Include="..\..\..\src\crbase\threading\thread.h">
      <Filter>threading</Filter>
    </ClInclude>
    <ClInclude Include="..\..\..\src\crbase\threading\thread_id_name_manager.h">
      <Filter>threading</Filter>
    </ClInclude>
    <ClInclude Include="..\..\..\src\crbase\threading\thread_local.h">
      <Filter>threading</Filter>
    </ClInclude>
    <ClInclude Include="..\..\..\src\crbase\threading\thread_local_storage.h">
      <Filter>threading</Filter>
    </ClInclude>
    <ClInclude Include="..\..\..\src\crbase\threading\thread_restrictions.h">
      <Filter>threading</Filter>
    </ClInclude>
    <ClInclude Include="..\..\..\src\crbase\threading\thread_task_runner_handle.h">
      <Filter>threading</Filter>
    </ClInclude>
    <ClInclude Include="..\..\..\src\crbase\threading\worker_pool.h">
      <Filter>threading</Filter>
    </ClInclude>
    <ClInclude Include="..\..\..\src\crbase\numerics\safe_conversions.h">
      <Filter>numerics</Filter>
    </ClInclude>
    <ClInclude Include="..\..\..\src\crbase\numerics\safe_conversions_impl.h">
      <Filter>numerics</Filter>
    </ClInclude>
    <ClInclude Include="..\..\..\src\crbase\numerics\safe_math.h">
      <Filter>numerics</Filter>
    </ClInclude>
    <ClInclude Include="..\..\..\src\crbase\numerics\safe_math_impl.h">
      <Filter>numerics</Filter>
    </ClInclude>
    <ClInclude Include="..\..\..\src\crbase\process\kill.h">
      <Filter>process</Filter>
    </ClInclude>
    <ClInclude Include="..\..\..\src\crbase\process\launch.h">
      <Filter>process</Filter>
    </ClInclude>
    <ClInclude Include="..\..\..\src\crbase\process\memory.h">
      <Filter>process</Filter>
    </ClInclude>
    <ClInclude Include="..\..\..\src\crbase\process\process.h">
      <Filter>process</Filter>
    </ClInclude>
    <ClInclude Include="..\..\..\src\crbase\process\process_handle.h">
      <Filter>process</Filter>
    </ClInclude>
    <ClInclude Include="..\..\..\src\crbase\process\process_iterator.h">
      <Filter>process</Filter>
    </ClInclude>
    <ClInclude Include="..\..\..\src\crbase\strings\nullable_string16.h">
      <Filter>strings</Filter>
    </ClInclude>
    <ClInclude Include="..\..\..\src\crbase\strings\pattern.h">
      <Filter>strings</Filter>
    </ClInclude>
    <ClInclude Include="..\..\..\src\crbase\strings\string_number_conversions.h">
      <Filter>strings</Filter>
    </ClInclude>
    <ClInclude Include="..\..\..\src\crbase\strings\string_piece.h">
      <Filter>strings</Filter>
    </ClInclude>
    <ClInclude Include="..\..\..\src\crbase\strings\string_split.h">
      <Filter>strings</Filter>
    </ClInclude>
    <ClInclude Include="..\..\..\src\crbase\strings\string_util.h">
      <Filter>strings</Filter>
    </ClInclude>
    <ClInclude Include="..\..\..\src\crbase\strings\string16.h">
      <Filter>strings</Filter>
    </ClInclude>
    <ClInclude Include="..\..\..\src\crbase\strings\stringprintf.h">
      <Filter>strings</Filter>
    </ClInclude>
    <ClInclude Include="..\..\..\src\crbase\strings\sys_string_conversions.h">
      <Filter>strings</Filter>
    </ClInclude>
    <ClInclude Include="..\..\..\src\crbase\strings\utf_string_conversion_utils.h">
      <Filter>strings</Filter>
    </ClInclude>
    <ClInclude Include="..\..\..\src\crbase\strings\utf_string_conversions.h">
      <Filter>strings</Filter>
    </ClInclude>
    <ClInclude Include="..\..\..\src\crbase\synchronization\condition_variable.h">
      <Filter>synchronization</Filter>
    </ClInclude>
    <ClInclude Include="..\..\..\src\crbase\synchronization\lock.h">
      <Filter>synchronization</Filter>
    </ClInclude>
    <ClInclude Include="..\..\..\src\crbase\synchronization\lock_impl.h">
      <Filter>synchronization</Filter>
    </ClInclude>
    <ClInclude Include="..\..\..\src\crbase\synchronization\waitable_event.h">
      <Filter>synchronization</Filter>
    </ClInclude>
    <ClInclude Include="..\..\..\src\crbase\synchronization\waitable_event_watcher.h">
      <Filter>synchronization</Filter>
    </ClInclude>
    <ClInclude Include="..\..\..\src\crbase\third_party\double-conversion\bignum.h">
      <Filter>third_party\double-conversion</Filter>
    </ClInclude>
    <ClInclude Include="..\..\..\src\crbase\third_party\double-conversion\bignum-dtoa.h">
      <Filter>third_party\double-conversion</Filter>
    </ClInclude>
    <ClInclude Include="..\..\..\src\crbase\third_party\double-conversion\cached-powers.h">
      <Filter>third_party\double-conversion</Filter>
    </ClInclude>
    <ClInclude Include="..\..\..\src\crbase\third_party\double-conversion\diy-fp.h">
      <Filter>third_party\double-conversion</Filter>
    </ClInclude>
    <ClInclude Include="..\..\..\src\crbase\third_party\double-conversion\double-conversion.h">
      <Filter>third_party\double-conversion</Filter>
    </ClInclude>
    <ClInclude Include="..\..\..\src\crbase\third_party\double-conversion\double-to-string.h">
      <Filter>third_party\double-conversion</Filter>
    </ClInclude>
    <ClInclude Include="..\..\..\src\crbase\third_party\double-conversion\fast-dtoa.h">
      <Filter>third_party\double-conversion</Filter>
    </ClInclude>
    <ClInclude Include="..\..\..\src\crbase\third_party\double-conversion\fixed-dtoa.h">
      <Filter>third_party\double-conversion</Filter>
    </ClInclude>
    <ClInclude Include="..\..\..\src\crbase\third_party\double-conversion\ieee.h">
      <Filter>third_party\double-conversion</Filter>
    </ClInclude>
    <ClInclude Include="..\..\..\src\crbase\third_party\double-conversion\string-to-double.h">
      <Filter>third_party\double-conversion</Filter>
    </ClInclude>
    <ClInclude Include="..\..\..\src\crbase\third_party\double-conversion\strtod.h">
      <Filter>third_party\double-conversion</Filter>
    </ClInclude>
    <ClInclude Include="..\..\..\src\crbase\third_party\double-conversion\utils.h">
      <Filter>third_party\double-conversion</Filter>
    </ClInclude>
    <ClInclude Include="..\..\..\src\crbase\third_party\icu\icu_utf.h">
      <Filter>third_party\icu</Filter>
    </ClInclude>
    <ClInclude Include="..\..\..\src\crbase\third_party\modp_b64\modp_b64.h">
      <Filter>third_party\modp_b64</Filter>
    </ClInclude>
    <ClInclude Include="..\..\..\src\crbase\third_party\modp_b64\modp_b64_data.h">
      <Filter>third_party\modp_b64</Filter>
    </ClInclude>
    <ClInclude Include="..\..\..\src\crbase\third_party\nspr\prtime.h">
      <Filter>third_party\nspr</Filter>
    </ClInclude>
    <ClInclude Include="..\..\..\src\crbase\at_exit.h" />
    <ClInclude Include="..\..\..\src\crbase\auto_reset.h" />
    <ClInclude Include="..\..\..\src\crbase\base_export.h" />
    <ClInclude Include="..\..\..\src\crbase\base_paths.h" />
    <ClInclude Include="..\..\..\src\crbase\base_paths_win.h" />
    <ClInclude Include="..\..\..\src\crbase\bit_cast.h" />
    <ClInclude Include="..\..\..\src\crbase\bits.h" />
    <ClInclude Include="..\..\..\src\crbase\build_config.h" />
    <ClInclude Include="..\..\..\src\crbase\command_line.h" />
    <ClInclude Include="..\..\..\src\crbase\compiler_specific.h" />
    <ClInclude Include="..\..\..\src\crbase\environment.h" />
    <ClInclude Include="..\..\..\src\crbase\guid.h" />
    <ClInclude Include="..\..\..\src\crbase\lazy_instance.h" />
    <ClInclude Include="..\..\..\src\crbase\logging.h" />
    <ClInclude Include="..\..\..\src\crbase\macros.h" />
    <ClInclude Include="..\..\..\src\crbase\move.h" />
    <ClInclude Include="..\..\..\src\crbase\observer_list.h" />
    <ClInclude Include="..\..\..\src\crbase\observer_list_threadsafe.h" />
    <ClInclude Include="..\..\..\src\crbase\path_service.h" />
    <ClInclude Include="..\..\..\src\crbase\pickle.h" />
    <ClInclude Include="..\..\..\src\crbase\rand_util.h" />
    <ClInclude Include="..\..\..\src\crbase\run_loop.h" />
    <ClInclude Include="..\..\..\src\crbase\stl_util.h" />
    <ClInclude Include="..\..\..\src\crbase\sys_info.h" />
    <ClInclude Include="..\..\..\src\crbase\template_util.h" />
    <ClInclude Include="..\..\..\src\crbase\tuple.h" />
    <ClInclude Include="..\..\..\src\crbase\value_conversions.h" />
    <ClInclude Include="..\..\..\src\crbase\values.h" />
    <ClInclude Include="..\..\..\src\crbase\version.h" />
    <ClInclude Include="..\..\..\src\crbase\file_version_info.h" />
    <ClInclude Include="..\..\..\src\crbase\strings\string_tokenizer.h">
      <Filter>strings</Filter>
    </ClInclude>
    <ClInclude Include="..\..\..\src\crbase\bytes_swap.h" />
    <ClInclude Include="..\..\..\src\crbase\strings\utf_offset_string_conversions.h">
      <Filter>strings</Filter>
    </ClInclude>
    <ClInclude Include="..\..\..\src\crbase\functional\cancelable_callback.h">
      <Filter>functional</Filter>
    </ClInclude>
    <ClInclude Include="..\..\..\src\crbase\memory\free_deleter.h">
      <Filter>memory</Filter>
    </ClInclude>
    <ClInclude Include="..\..\..\src\crbase\timer\timer.h">
      <Filter>timer</Filter>
    </ClInclude>
    <ClInclude Include="..\..\..\src\crbase\threading\thread_checker.h">
      <Filter>threading</Filter>
    </ClInclude>
    <ClInclude Include="..\..\..\src\crbase\codes\punycode.h">
      <Filter>codes</Filter>
    </ClInclude>
    <ClInclude Include="..\..\..\src\crbase\strings\escape.h">
      <Filter>strings</Filter>
    </ClInclude>
    <ClInclude Include="..\..\..\src\crbase\atomic\atomicops_internals_portable.h">
      <Filter>atomic</Filter>
    </ClInclude>
    <ClInclude Include="..\..\..\src\crbase\hash.h" />
    <ClInclude Include="..\..\..\src\crbase\scoped_generic.h" />
    <ClInclude Include="..\..\..\src\crbase\posix\eintr_wrapper.h">
      <Filter>posix</Filter>
    </ClInclude>
  </ItemGroup>
  <ItemGroup>
    <ClCompile Include="..\..\..\src\crbase\codes\base64.cc">
      <Filter>codes</Filter>
    </ClCompile>
    <ClCompile Include="..\..\..\src\crbase\crypto\sha1.cc">
      <Filter>crypto</Filter>
    </ClCompile>
    <ClCompile Include="..\..\..\src\crbase\debug\alias.cc">
      <Filter>debug</Filter>
    </ClCompile>
    <ClCompile Include="..\..\..\src\crbase\debug\debugger.cc">
      <Filter>debug</Filter>
    </ClCompile>
    <ClCompile Include="..\..\..\src\crbase\debug\stack_trace.cc">
      <Filter>debug</Filter>
    </ClCompile>
    <ClCompile Include="..\..\..\src\crbase\files\file.cc">
      <Filter>files</Filter>
    </ClCompile>
    <ClCompile Include="..\..\..\src\crbase\files\file_enumerator.cc">
      <Filter>files</Filter>
    </ClCompile>
    <ClCompile Include="..\..\..\src\crbase\files\file_enumerator_win.cc">
      <Filter>files</Filter>
    </ClCompile>
    <ClCompile Include="..\..\..\src\crbase\files\file_path.cc">
      <Filter>files</Filter>
    </ClCompile>
    <ClCompile Include="..\..\..\src\crbase\files\file_path_constants.cc">
      <Filter>files</Filter>
    </ClCompile>
    <ClCompile Include="..\..\..\src\crbase\files\file_util.cc">
      <Filter>files</Filter>
    </ClCompile>
    <ClCompile Include="..\..\..\src\crbase\files\file_util_win.cc">
      <Filter>files</Filter>
    </ClCompile>
    <ClCompile Include="..\..\..\src\crbase\files\file_win.cc">
      <Filter>files</Filter>
    </ClCompile>
    <ClCompile Include="..\..\..\src\crbase\functional\bind_helpers.cc">
      <Filter>functional</Filter>
    </ClCompile>
    <ClCompile Include="..\..\..\src\crbase\functional\callback_helpers.cc">
      <Filter>functional</Filter>
    </ClCompile>
    <ClCompile Include="..\..\..\src\crbase\functional\callback_internal.cc">
      <Filter>functional</Filter>
    </ClCompile>
    <ClCompile Include="..\..\..\src\crbase\json\json_parser.cc">
      <Filter>json</Filter>
    </ClCompile>
    <ClCompile Include="..\..\..\src\crbase\json\json_reader.cc">
      <Filter>json</Filter>
    </ClCompile>
    <ClCompile Include="..\..\..\src\crbase\json\json_string_value_serializer.cc">
      <Filter>json</Filter>
    </ClCompile>
    <ClCompile Include="..\..\..\src\crbase\json\json_value_converter.cc">
      <Filter>json</Filter>
    </ClCompile>
    <ClCompile Include="..\..\..\src\crbase\json\json_writer.cc">
      <Filter>json</Filter>
    </ClCompile>
    <ClCompile Include="..\..\..\src\crbase\json\string_escape.cc">
      <Filter>json</Filter>
    </ClCompile>
    <ClCompile Include="..\..\..\src\crbase\memory\aligned_memory.cc">
      <Filter>memory</Filter>
    </ClCompile>
    <ClCompile Include="..\..\..\src\crbase\memory\ref_counted.cc">
      <Filter>memory</Filter>
    </ClCompile>
    <ClCompile Include="..\..\..\src\crbase\memory\singleton.cc">
      <Filter>memory</Filter>
    </ClCompile>
    <ClCompile Include="..\..\..\src\crbase\memory\weak_ptr.cc">
      <Filter>memory</Filter>
    </ClCompile>
    <ClCompile Include="..\..\..\src\crbase\message_loop\incoming_task_queue.cc">
      <Filter>message_loop</Filter>
    </ClCompile>
    <ClCompile Include="..\..\..\src\crbase\message_loop\message_loop.cc">
      <Filter>message_loop</Filter>
    </ClCompile>
    <ClCompile Include="..\..\..\src\crbase\message_loop\message_loop_task_runner.cc">
      <Filter>message_loop</Filter>
    </ClCompile>
    <ClCompile Include="..\..\..\src\crbase\message_loop\message_pump.cc">
      <Filter>message_loop</Filter>
    </ClCompile>
    <ClCompile Include="..\..\..\src\crbase\message_loop\message_pump_default.cc">
      <Filter>message_loop</Filter>
    </ClCompile>
    <ClCompile Include="..\..\..\src\crbase\message_loop\message_pump_win.cc">
      <Filter>message_loop</Filter>
    </ClCompile>
    <ClCompile Include="..\..\..\src\crbase\time\clock.cc">
      <Filter>time</Filter>
    </ClCompile>
    <ClCompile Include="..\..\..\src\crbase\time\default_clock.cc">
      <Filter>time</Filter>
    </ClCompile>
    <ClCompile Include="..\..\..\src\crbase\time\default_tick_clock.cc">
      <Filter>time</Filter>
    </ClCompile>
    <ClCompile Include="..\..\..\src\crbase\time\tick_clock.cc">
      <Filter>time</Filter>
    </ClCompile>
    <ClCompile Include="..\..\..\src\crbase\time\time.cc">
      <Filter>time</Filter>
    </ClCompile>
    <ClCompile Include="..\..\..\src\crbase\time\time_win.cc">
      <Filter>time</Filter>
    </ClCompile>
    <ClCompile Include="..\..\..\src\crbase\tracing\location.cc">
      <Filter>tracing</Filter>
    </ClCompile>
    <ClCompile Include="..\..\..\src\crbase\tracing\tracked_objects.cc">
      <Filter>tracing</Filter>
    </ClCompile>
    <ClCompile Include="..\..\..\src\crbase\tracing\tracked_time.cc">
      <Filter>tracing</Filter>
    </ClCompile>
    <ClCompile Include="..\..\..\src\crbase\tracing\tracking_info.cc">
      <Filter>tracing</Filter>
    </ClCompile>
    <ClCompile Include="..\..\..\src\crbase\win\native_api_wrapper.cc">
      <Filter>win</Filter>
    </ClCompile>
    <ClCompile Include="..\..\..\src\crbase\win\object_watcher.cc">
      <Filter>win</Filter>
    </ClCompile>
    <ClCompile Include="..\..\..\src\crbase\win\pe_image.cc">
      <Filter>win</Filter>
    </ClCompile>
    <ClCompile Include="..\..\..\src\crbase\win\registry.cc">
      <Filter>win</Filter>
    </ClCompile>
    <ClCompile Include="..\..\..\src\crbase\win\scoped_bstr.cc">
      <Filter>win</Filter>
    </ClCompile>
    <ClCompile Include="..\..\..\src\crbase\win\scoped_handle.cc">
      <Filter>win</Filter>
    </ClCompile>
    <ClCompile Include="..\..\..\src\crbase\win\scoped_process_information.cc">
      <Filter>win</Filter>
    </ClCompile>
    <ClCompile Include="..\..\..\src\crbase\win\scoped_variant.cc">
      <Filter>win</Filter>
    </ClCompile>
    <ClCompile Include="..\..\..\src\crbase\win\shortcut.cc">
      <Filter>win</Filter>
    </ClCompile>
    <ClCompile Include="..\..\..\src\crbase\win\startup_information.cc">
      <Filter>win</Filter>
    </ClCompile>
    <ClCompile Include="..\..\..\src\crbase\win\win_util.cc">
      <Filter>win</Filter>
    </ClCompile>
    <ClCompile Include="..\..\..\src\crbase\win\windows_service.cc">
      <Filter>win</Filter>
    </ClCompile>
    <ClCompile Include="..\..\..\src\crbase\win\windows_version.cc">
      <Filter>win</Filter>
    </ClCompile>
    <ClCompile Include="..\..\..\src\crbase\win\wmi.cc">
      <Filter>win</Filter>
    </ClCompile>
    <ClCompile Include="..\..\..\src\crbase\win\wrapped_window_proc.cc">
      <Filter>win</Filter>
    </ClCompile>
    <ClCompile Include="..\..\..\src\crbase\system_info\cpu.cc">
      <Filter>system_info</Filter>
    </ClCompile>
    <ClCompile Include="..\..\..\src\crbase\threading\pending_task.cc">
      <Filter>threading</Filter>
    </ClCompile>
    <ClCompile Include="..\..\..\src\crbase\threading\post_task_and_reply_impl.cc">
      <Filter>threading</Filter>
    </ClCompile>
    <ClCompile Include="..\..\..\src\crbase\threading\sequenced_task_runner.cc">
      <Filter>threading</Filter>
    </ClCompile>
    <ClCompile Include="..\..\..\src\crbase\threading\sequenced_worker_pool.cc">
      <Filter>threading</Filter>
    </ClCompile>
    <ClCompile Include="..\..\..\src\crbase\threading\simple_thread.cc">
      <Filter>threading</Filter>
    </ClCompile>
    <ClCompile Include="..\..\..\src\crbase\threading\task_runner.cc">
      <Filter>threading</Filter>
    </ClCompile>
    <ClCompile Include="..\..\..\src\crbase\threading\thread.cc">
      <Filter>threading</Filter>
    </ClCompile>
    <ClCompile Include="..\..\..\src\crbase\threading\thread_id_name_manager.cc">
      <Filter>threading</Filter>
    </ClCompile>
    <ClCompile Include="..\..\..\src\crbase\threading\thread_local_storage.cc">
      <Filter>threading</Filter>
    </ClCompile>
    <ClCompile Include="..\..\..\src\crbase\threading\thread_local_storage_win.cc">
      <Filter>threading</Filter>
    </ClCompile>
    <ClCompile Include="..\..\..\src\crbase\threading\thread_restrictions.cc">
      <Filter>threading</Filter>
    </ClCompile>
    <ClCompile Include="..\..\..\src\crbase\threading\thread_task_runner_handle.cc">
      <Filter>threading</Filter>
    </ClCompile>
    <ClCompile Include="..\..\..\src\crbase\threading\worker_pool.cc">
      <Filter>threading</Filter>
    </ClCompile>
    <ClCompile Include="..\..\..\src\crbase\threading\worker_pool_win.cc">
      <Filter>threading</Filter>
    </ClCompile>
    <ClCompile Include="..\..\..\src\crbase\process\memory.cc">
      <Filter>process</Filter>
    </ClCompile>
    <ClCompile Include="..\..\..\src\crbase\process\memory_win.cc">
      <Filter>process</Filter>
    </ClCompile>
    <ClCompile Include="..\..\..\src\crbase\process\process_handle.cc">
      <Filter>process</Filter>
    </ClCompile>
    <ClCompile Include="..\..\..\src\crbase\strings\nullable_string16.cc">
      <Filter>strings</Filter>
    </ClCompile>
    <ClCompile Include="..\..\..\src\crbase\strings\pattern.cc">
      <Filter>strings</Filter>
    </ClCompile>
    <ClCompile Include="..\..\..\src\crbase\strings\string_number_conversions.cc">
      <Filter>strings</Filter>
    </ClCompile>
    <ClCompile Include="..\..\..\src\crbase\strings\string_piece.cc">
      <Filter>strings</Filter>
    </ClCompile>
    <ClCompile Include="..\..\..\src\crbase\strings\string_split.cc">
      <Filter>strings</Filter>
    </ClCompile>
    <ClCompile Include="..\..\..\src\crbase\strings\string_util.cc">
      <Filter>strings</Filter>
    </ClCompile>
    <ClCompile Include="..\..\..\src\crbase\strings\string_util_constants.cc">
      <Filter>strings</Filter>
    </ClCompile>
    <ClCompile Include="..\..\..\src\crbase\strings\stringprintf.cc">
      <Filter>strings</Filter>
    </ClCompile>
    <ClCompile Include="..\..\..\src\crbase\strings\utf_string_conversion_utils.cc">
      <Filter>strings</Filter>
    </ClCompile>
    <ClCompile Include="..\..\..\src\crbase\strings\utf_string_conversions.cc">
      <Filter>strings</Filter>
    </ClCompile>
    <ClCompile Include="..\..\..\src\crbase\synchronization\lock.cc">
      <Filter>synchronization</Filter>
    </ClCompile>
    <ClCompile Include="..\..\..\src\crbase\synchronization\lock_impl_win.cc">
      <Filter>synchronization</Filter>
    </ClCompile>
    <ClCompile Include="..\..\..\src\crbase\third_party\double-conversion\bignum.cc">
      <Filter>third_party\double-conversion</Filter>
    </ClCompile>
    <ClCompile Include="..\..\..\src\crbase\third_party\double-conversion\bignum-dtoa.cc">
      <Filter>third_party\double-conversion</Filter>
    </ClCompile>
    <ClCompile Include="..\..\..\src\crbase\third_party\double-conversion\cached-powers.cc">
      <Filter>third_party\double-conversion</Filter>
    </ClCompile>
    <ClCompile Include="..\..\..\src\crbase\third_party\double-conversion\double-to-string.cc">
      <Filter>third_party\double-conversion</Filter>
    </ClCompile>
    <ClCompile Include="..\..\..\src\crbase\third_party\double-conversion\fast-dtoa.cc">
      <Filter>third_party\double-conversion</Filter>
    </ClCompile>
    <ClCompile Include="..\..\..\src\crbase\third_party\double-conversion\fixed-dtoa.cc">
      <Filter>third_party\double-conversion</Filter>
    </ClCompile>
    <ClCompile Include="..\..\..\src\crbase\third_party\double-conversion\string-to-double.cc">
      <Filter>third_party\double-conversion</Filter>
    </ClCompile>
    <ClCompile Include="..\..\..\src\crbase\third_party\double-conversion\strtod.cc">
      <Filter>third_party\double-conversion</Filter>
    </ClCompile>
    <ClCompile Include="..\..\..\src\crbase\third_party\icu\icu_utf.cc">
      <Filter>third_party\icu</Filter>
    </ClCompile>
    <ClCompile Include="..\..\..\src\crbase\third_party\modp_b64\modp_b64.cc">
      <Filter>third_party\modp_b64</Filter>
    </ClCompile>
    <ClCompile Include="..\..\..\src\crbase\third_party\nspr\prtime.cc">
      <Filter>third_party\nspr</Filter>
    </ClCompile>
    <ClCompile Include="..\..\..\src\crbase\at_exit.cc" />
    <ClCompile Include="..\..\..\src\crbase\base_paths.cc" />
    <ClCompile Include="..\..\..\src\crbase\base_paths_win.cc" />
    <ClCompile Include="..\..\..\src\crbase\command_line.cc" />
    <ClCompile Include="..\..\..\src\crbase\environment.cc" />
    <ClCompile Include="..\..\..\src\crbase\guid.cc" />
    <ClCompile Include="..\..\..\src\crbase\import_libs.cc" />
    <ClCompile Include="..\..\..\src\crbase\lazy_instance.cc" />
    <ClCompile Include="..\..\..\src\crbase\logging.cc" />
    <ClCompile Include="..\..\..\src\crbase\path_service.cc" />
    <ClCompile Include="..\..\..\src\crbase\pickle.cc" />
    <ClCompile Include="..\..\..\src\crbase\rand_util.cc" />
    <ClCompile Include="..\..\..\src\crbase\rand_util_win.cc" />
    <ClCompile Include="..\..\..\src\crbase\run_loop.cc" />
    <ClCompile Include="..\..\..\src\crbase\sys_info.cc" />
    <ClCompile Include="..\..\..\src\crbase\sys_info_win.cc" />
    <ClCompile Include="..\..\..\src\crbase\value_conversions.cc" />
    <ClCompile Include="..\..\..\src\crbase\values.cc" />
    <ClCompile Include="..\..\..\src\crbase\version.cc" />
    <ClCompile Include="..\..\..\src\crbase\file_version_info.cc" />
    <ClCompile Include="..\..\..\src\crbase\strings\utf_offset_string_conversions.cc">
      <Filter>strings</Filter>
    </ClCompile>
    <ClCompile Include="..\..\..\src\crbase\timer\timer.cc">
      <Filter>timer</Filter>
    </ClCompile>
    <ClCompile Include="..\..\..\src\crbase\threading\thread_checker.cc">
      <Filter>threading</Filter>
    </ClCompile>
    <ClCompile Include="..\..\..\src\crbase\codes\punycode.cc">
      <Filter>codes</Filter>
    </ClCompile>
    <ClCompile Include="..\..\..\src\crbase\strings\escape.cc">
      <Filter>strings</Filter>
    </ClCompile>
    <ClCompile Include="..\..\..\src\crbase\hash.cc" />
    <ClCompile Include="..\..\..\src\crbase\debug\stack_trace_win.cc">
      <Filter>debug</Filter>
    </ClCompile>
    <ClCompile Include="..\..\..\src\crbase\debug\debugger_win.cc">
      <Filter>debug</Filter>
    </ClCompile>
    <ClCompile Include="..\..\..\src\crbase\strings\sys_string_conversion_wins.cc">
      <Filter>strings</Filter>
    </ClCompile>
    <ClCompile Include="..\..\..\src\crbase\synchronization\condition_variable_win.cc">
      <Filter>synchronization</Filter>
    </ClCompile>
    <ClCompile Include="..\..\..\src\crbase\synchronization\waitable_event_win.cc">
      <Filter>synchronization</Filter>
    </ClCompile>
    <ClCompile Include="..\..\..\src\crbase\synchronization\waitable_event_watcher_win.cc">
      <Filter>synchronization</Filter>
    </ClCompile>
    <ClCompile Include="..\..\..\src\crbase\threading\platform_thread_win.cc">
      <Filter>threading</Filter>
    </ClCompile>
    <ClCompile Include="..\..\..\src\crbase\threading\thread_local_win.cc">
      <Filter>threading</Filter>
    </ClCompile>
    <ClCompile Include="..\..\..\src\crbase\third_party\superfasthash\superfasthash.c">
      <Filter>third_party\superfasthash</Filter>
    </ClCompile>
    <ClCompile Include="..\..\..\src\crbase\memory\shared_memory_win.cc">
      <Filter>memory</Filter>
    </ClCompile>
    <ClCompile Include="..\..\..\src\crbase\memory\shared_memory_handle_win.cc">
      <Filter>memory</Filter>
    </ClCompile>
    <ClCompile Include="..\..\..\src\crbase\process\kill_win.cc">
      <Filter>process</Filter>
    </ClCompile>
    <ClCompile Include="..\..\..\src\crbase\process\kill.cc">
      <Filter>process</Filter>
    </ClCompile>
    <ClCompile Include="..\..\..\src\crbase\process\launch_win.cc">
      <Filter>process</Filter>
    </ClCompile>
    <ClCompile Include="..\..\..\src\crbase\process\launch.cc">
      <Filter>process</Filter>
    </ClCompile>
    <ClCompile Include="..\..\..\src\crbase\process\process_win.cc">
      <Filter>process</Filter>
    </ClCompile>
    <ClCompile Include="..\..\..\src\crbase\process\process_handle_win.cc">
      <Filter>process</Filter>
    </ClCompile>
    <ClCompile Include="..\..\..\src\crbase\process\process_iterator_win.cc">
      <Filter>process</Filter>
    </ClCompile>
    <ClCompile Include="..\..\..\src\crbase\process\process_iterator.cc">
      <Filter>process</Filter>
    </ClCompile>
  </ItemGroup>
  <ItemGroup>
    <None Include="..\..\..\src\crbase\third_party\superfasthash\LICENSE">
      <Filter>third_party\superfasthash</Filter>
    </None>
  </ItemGroup>
</Project>