
Microsoft Visual Studio Solution File, Format Version 12.00
# Visual Studio Version 16
VisualStudioVersion = 16.0.34729.46
MinimumVisualStudioVersion = 10.0.40219.1
Project("{8BC9CEB8-8B4A-11D0-8D11-00A0C91BC942}") = "crbase", "crbase\crbase.vcxproj", "{66D5C779-1B72-4E17-890C-4606250D0B8D}"
EndProject
Project("{8BC9CEB8-8B4A-11D0-8D11-00A0C91BC942}") = "cripc", "cripc\cripc.vcxproj", "{84C2BEC8-80E3-4122-94A7-F577AF5223B0}"
EndProject
Project("{8BC9CEB8-8B4A-11D0-8D11-00A0C91BC942}") = "crurl", "crurl\crurl.vcxproj", "{6B7AB3B2-6F0F-4AD3-96CC-AE7692A22ADD}"
EndProject
Project("{8BC9CEB8-8B4A-11D0-8D11-00A0C91BC942}") = "crnet", "crnet\crnet.vcxproj", "{38374907-3F53-4F0C-BB90-16779853DD01}"
EndProject
Project("{8BC9CEB8-8B4A-11D0-8D11-00A0C91BC942}") = "examples", "examples\examples.vcxproj", "{C1D4FE23-76B0-4642-B982-7EEEA373E7BD}"
	ProjectSection(ProjectDependencies) = postProject
		{38374907-3F53-4F0C-BB90-16779853DD01} = {38374907-3F53-4F0C-BB90-16779853DD01}
		{66D5C779-1B72-4E17-890C-4606250D0B8D} = {66D5C779-1B72-4E17-890C-4606250D0B8D}
		{6B7AB3B2-6F0F-4AD3-96CC-AE7692A22ADD} = {6B7AB3B2-6F0F-4AD3-96CC-AE7692A22ADD}
		{84C2BEC8-80E3-4122-94A7-F577AF5223B0} = {84C2BEC8-80E3-4122-94A7-F577AF5223B0}
	EndProjectSection
EndProject
Global
	GlobalSection(SolutionConfigurationPlatforms) = preSolution
		Debug|x64 = Debug|x64
		Debug|x86 = Debug|x86
		Release|x64 = Release|x64
		Release|x86 = Release|x86
	EndGlobalSection
	GlobalSection(ProjectConfigurationPlatforms) = postSolution
		{66D5C779-1B72-4E17-890C-4606250D0B8D}.Debug|x64.ActiveCfg = Debug|x64
		{66D5C779-1B72-4E17-890C-4606250D0B8D}.Debug|x64.Build.0 = Debug|x64
		{66D5C779-1B72-4E17-890C-4606250D0B8D}.Debug|x86.ActiveCfg = Debug|Win32
		{66D5C779-1B72-4E17-890C-4606250D0B8D}.Debug|x86.Build.0 = Debug|Win32
		{66D5C779-1B72-4E17-890C-4606250D0B8D}.Release|x64.ActiveCfg = Release|x64
		{66D5C779-1B72-4E17-890C-4606250D0B8D}.Release|x64.Build.0 = Release|x64
		{66D5C779-1B72-4E17-890C-4606250D0B8D}.Release|x86.ActiveCfg = Release|Win32
		{66D5C779-1B72-4E17-890C-4606250D0B8D}.Release|x86.Build.0 = Release|Win32
		{84C2BEC8-80E3-4122-94A7-F577AF5223B0}.Debug|x64.ActiveCfg = Debug|x64
		{84C2BEC8-80E3-4122-94A7-F577AF5223B0}.Debug|x64.Build.0 = Debug|x64
		{84C2BEC8-80E3-4122-94A7-F577AF5223B0}.Debug|x86.ActiveCfg = Debug|Win32
		{84C2BEC8-80E3-4122-94A7-F577AF5223B0}.Debug|x86.Build.0 = Debug|Win32
		{84C2BEC8-80E3-4122-94A7-F577AF5223B0}.Release|x64.ActiveCfg = Release|x64
		{84C2BEC8-80E3-4122-94A7-F577AF5223B0}.Release|x64.Build.0 = Release|x64
		{84C2BEC8-80E3-4122-94A7-F577AF5223B0}.Release|x86.ActiveCfg = Release|Win32
		{84C2BEC8-80E3-4122-94A7-F577AF5223B0}.Release|x86.Build.0 = Release|Win32
		{6B7AB3B2-6F0F-4AD3-96CC-AE7692A22ADD}.Debug|x64.ActiveCfg = Debug|x64
		{6B7AB3B2-6F0F-4AD3-96CC-AE7692A22ADD}.Debug|x64.Build.0 = Debug|x64
		{6B7AB3B2-6F0F-4AD3-96CC-AE7692A22ADD}.Debug|x86.ActiveCfg = Debug|Win32
		{6B7AB3B2-6F0F-4AD3-96CC-AE7692A22ADD}.Debug|x86.Build.0 = Debug|Win32
		{6B7AB3B2-6F0F-4AD3-96CC-AE7692A22ADD}.Release|x64.ActiveCfg = Release|x64
		{6B7AB3B2-6F0F-4AD3-96CC-AE7692A22ADD}.Release|x64.Build.0 = Release|x64
		{6B7AB3B2-6F0F-4AD3-96CC-AE7692A22ADD}.Release|x86.ActiveCfg = Release|Win32
		{6B7AB3B2-6F0F-4AD3-96CC-AE7692A22ADD}.Release|x86.Build.0 = Release|Win32
		{38374907-3F53-4F0C-BB90-16779853DD01}.Debug|x64.ActiveCfg = Debug|x64
		{38374907-3F53-4F0C-BB90-16779853DD01}.Debug|x64.Build.0 = Debug|x64
		{38374907-3F53-4F0C-BB90-16779853DD01}.Debug|x86.ActiveCfg = Debug|Win32
		{38374907-3F53-4F0C-BB90-16779853DD01}.Debug|x86.Build.0 = Debug|Win32
		{38374907-3F53-4F0C-BB90-16779853DD01}.Release|x64.ActiveCfg = Release|x64
		{38374907-3F53-4F0C-BB90-16779853DD01}.Release|x64.Build.0 = Release|x64
		{38374907-3F53-4F0C-BB90-16779853DD01}.Release|x86.ActiveCfg = Release|Win32
		{38374907-3F53-4F0C-BB90-16779853DD01}.Release|x86.Build.0 = Release|Win32
		{C1D4FE23-76B0-4642-B982-7EEEA373E7BD}.Debug|x64.ActiveCfg = Debug|x64
		{C1D4FE23-76B0-4642-B982-7EEEA373E7BD}.Debug|x64.Build.0 = Debug|x64
		{C1D4FE23-76B0-4642-B982-7EEEA373E7BD}.Debug|x86.ActiveCfg = Debug|Win32
		{C1D4FE23-76B0-4642-B982-7EEEA373E7BD}.Debug|x86.Build.0 = Debug|Win32
		{C1D4FE23-76B0-4642-B982-7EEEA373E7BD}.Release|x64.ActiveCfg = Release|x64
		{C1D4FE23-76B0-4642-B982-7EEEA373E7BD}.Release|x64.Build.0 = Release|x64
		{C1D4FE23-76B0-4642-B982-7EEEA373E7BD}.Release|x86.ActiveCfg = Release|Win32
		{C1D4FE23-76B0-4642-B982-7EEEA373E7BD}.Release|x86.Build.0 = Release|Win32
	EndGlobalSection
	GlobalSection(SolutionProperties) = preSolution
		HideSolutionNode = FALSE
	EndGlobalSection
	GlobalSection(ExtensibilityGlobals) = postSolution
		SolutionGuid = {D77610CE-D3DE-4C7A-B8B8-8B5F9567CA11}
	EndGlobalSection
EndGlobal
